
Microsoft Visual Studio Solution File, Format Version 12.00
# Visual Studio Version 16
VisualStudioVersion = 16.0.30114.105
MinimumVisualStudioVersion = 10.0.40219.1
Project("{FAE04EC0-301F-11D3-BF4B-00C04F79EFBC}") = "Pattern.StateMachine", "Pattern.StateMachine\Pattern.StateMachine.csproj", "{22AA58E6-6194-41C7-8E6C-349912366983}"
EndProject
Project("{FAE04EC0-301F-11D3-BF4B-00C04F79EFBC}") = "Pattern.State", "Pattern.State\Pattern.State.csproj", "{E027DBE1-54ED-4D44-8224-0875E786FF16}"
EndProject
Project("{FAE04EC0-301F-11D3-BF4B-00C04F79EFBC}") = "Pattern.OopPrinciples", "Pattern.OopPrinciples\Pattern.OopPrinciples.csproj", "{71585748-C9A0-464E-8F85-E5557FDF864D}"
EndProject
Project("{FAE04EC0-301F-11D3-BF4B-00C04F79EFBC}") = "Pattern.AbstractFactory", "Pattern.AbstractFactory\Pattern.AbstractFactory.csproj", "{D9A85B1A-DDD0-4A2E-BE95-AA1B747661D2}"
EndProject
Global
	GlobalSection(SolutionConfigurationPlatforms) = preSolution
		Debug|Any CPU = Debug|Any CPU
		Release|Any CPU = Release|Any CPU
	EndGlobalSection
	GlobalSection(SolutionProperties) = preSolution
		HideSolutionNode = FALSE
	EndGlobalSection
	GlobalSection(ProjectConfigurationPlatforms) = postSolution
		{22AA58E6-6194-41C7-8E6C-349912366983}.Debug|Any CPU.ActiveCfg = Debug|Any CPU
		{22AA58E6-6194-41C7-8E6C-349912366983}.Debug|Any CPU.Build.0 = Debug|Any CPU
		{22AA58E6-6194-41C7-8E6C-349912366983}.Release|Any CPU.ActiveCfg = Release|Any CPU
		{22AA58E6-6194-41C7-8E6C-349912366983}.Release|Any CPU.Build.0 = Release|Any CPU
		{E027DBE1-54ED-4D44-8224-0875E786FF16}.Debug|Any CPU.ActiveCfg = Debug|Any CPU
		{E027DBE1-54ED-4D44-8224-0875E786FF16}.Debug|Any CPU.Build.0 = Debug|Any CPU
		{E027DBE1-54ED-4D44-8224-0875E786FF16}.Release|Any CPU.ActiveCfg = Release|Any CPU
		{E027DBE1-54ED-4D44-8224-0875E786FF16}.Release|Any CPU.Build.0 = Release|Any CPU
		{71585748-C9A0-464E-8F85-E5557FDF864D}.Debug|Any CPU.ActiveCfg = Debug|Any CPU
		{71585748-C9A0-464E-8F85-E5557FDF864D}.Debug|Any CPU.Build.0 = Debug|Any CPU
		{71585748-C9A0-464E-8F85-E5557FDF864D}.Release|Any CPU.ActiveCfg = Release|Any CPU
		{71585748-C9A0-464E-8F85-E5557FDF864D}.Release|Any CPU.Build.0 = Release|Any CPU
		{D9A85B1A-DDD0-4A2E-BE95-AA1B747661D2}.Debug|Any CPU.ActiveCfg = Debug|Any CPU
		{D9A85B1A-DDD0-4A2E-BE95-AA1B747661D2}.Debug|Any CPU.Build.0 = Debug|Any CPU
		{D9A85B1A-DDD0-4A2E-BE95-AA1B747661D2}.Release|Any CPU.ActiveCfg = Release|Any CPU
		{D9A85B1A-DDD0-4A2E-BE95-AA1B747661D2}.Release|Any CPU.Build.0 = Release|Any CPU
	EndGlobalSection
EndGlobal
